
Microsoft Visual Studio Solution File, Format Version 12.00
# Visual Studio 2015
Project("{FAE04EC0-301F-11D3-BF4B-00C04F79EFBC}") = "ULRehab_V01.CSharp.Plugins", "ULRehab_V01.CSharp.Plugins.csproj", "{6B98CE36-141D-EF79-B540-6DA53350C1DD}"
EndProject
Project("{FAE04EC0-301F-11D3-BF4B-00C04F79EFBC}") = "ULRehab_V01.CSharp", "ULRehab_V01.CSharp.csproj", "{B7FB3F4B-4E8A-BAA6-15DF-19A78AA42381}"
EndProject
Project("{FAE04EC0-301F-11D3-BF4B-00C04F79EFBC}") = "ULRehab_V01.CSharp.Editor", "ULRehab_V01.CSharp.Editor.csproj", "{701AE585-A04A-2F7F-C70C-2C9814B2DF14}"
EndProject
Global
	GlobalSection(SolutionConfigurationPlatforms) = preSolution
		Debug|Any CPU = Debug|Any CPU
		Release|Any CPU = Release|Any CPU
	EndGlobalSection
	GlobalSection(ProjectConfigurationPlatforms) = postSolution
		{6B98CE36-141D-EF79-B540-6DA53350C1DD}.Debug|Any CPU.ActiveCfg = Debug|Any CPU
		{6B98CE36-141D-EF79-B540-6DA53350C1DD}.Debug|Any CPU.Build.0 = Debug|Any CPU
		{6B98CE36-141D-EF79-B540-6DA53350C1DD}.Release|Any CPU.ActiveCfg = Release|Any CPU
		{6B98CE36-141D-EF79-B540-6DA53350C1DD}.Release|Any CPU.Build.0 = Release|Any CPU
		{B7FB3F4B-4E8A-BAA6-15DF-19A78AA42381}.Debug|Any CPU.ActiveCfg = Debug|Any CPU
		{B7FB3F4B-4E8A-BAA6-15DF-19A78AA42381}.Debug|Any CPU.Build.0 = Debug|Any CPU
		{B7FB3F4B-4E8A-BAA6-15DF-19A78AA42381}.Release|Any CPU.ActiveCfg = Release|Any CPU
		{B7FB3F4B-4E8A-BAA6-15DF-19A78AA42381}.Release|Any CPU.Build.0 = Release|Any CPU
		{701AE585-A04A-2F7F-C70C-2C9814B2DF14}.Debug|Any CPU.ActiveCfg = Debug|Any CPU
		{701AE585-A04A-2F7F-C70C-2C9814B2DF14}.Debug|Any CPU.Build.0 = Debug|Any CPU
		{701AE585-A04A-2F7F-C70C-2C9814B2DF14}.Release|Any CPU.ActiveCfg = Release|Any CPU
		{701AE585-A04A-2F7F-C70C-2C9814B2DF14}.Release|Any CPU.Build.0 = Release|Any CPU
	EndGlobalSection
	GlobalSection(SolutionProperties) = preSolution
		HideSolutionNode = FALSE
	EndGlobalSection
EndGlobal
